
Microsoft Visual Studio Solution File, Format Version 12.00
# Visual Studio Version 16
VisualStudioVersion = 16.0.29403.142
MinimumVisualStudioVersion = 10.0.40219.1
Project("{8BC9CEB8-8B4A-11D0-8D11-00A0C91BC942}") = "Dedekind", "Dedekind\Dedekind.vcxproj", "{6BE56828-35B7-4941-8970-9EC0FEC407D9}"
EndProject
Global
	GlobalSection(SolutionConfigurationPlatforms) = preSolution
		Debug|x64 = Debug|x64
		Debug|x86 = Debug|x86
		Profiling|x64 = Profiling|x64
		Profiling|x86 = Profiling|x86
		Release|x64 = Release|x64
		Release|x86 = Release|x86
		Tests Debug|x64 = Tests Debug|x64
		Tests Debug|x86 = Tests Debug|x86
		Tests Release|x64 = Tests Release|x64
		Tests Release|x86 = Tests Release|x86
	EndGlobalSection
	GlobalSection(ProjectConfigurationPlatforms) = postSolution
		{6BE56828-35B7-4941-8970-9EC0FEC407D9}.Debug|x64.ActiveCfg = Debug|x64
		{6BE56828-35B7-4941-8970-9EC0FEC407D9}.Debug|x64.Build.0 = Debug|x64
		{6BE56828-35B7-4941-8970-9EC0FEC407D9}.Debug|x86.ActiveCfg = Debug|Win32
		{6BE56828-35B7-4941-8970-9EC0FEC407D9}.Debug|x86.Build.0 = Debug|Win32
		{6BE56828-35B7-4941-8970-9EC0FEC407D9}.Profiling|x64.ActiveCfg = Profiling|x64
		{6BE56828-35B7-4941-8970-9EC0FEC407D9}.Profiling|x64.Build.0 = Profiling|x64
		{6BE56828-35B7-4941-8970-9EC0FEC407D9}.Profiling|x86.ActiveCfg = Profiling|Win32
		{6BE56828-35B7-4941-8970-9EC0FEC407D9}.Profiling|x86.Build.0 = Profiling|Win32
		{6BE56828-35B7-4941-8970-9EC0FEC407D9}.Release|x64.ActiveCfg = Release|x64
		{6BE56828-35B7-4941-8970-9EC0FEC407D9}.Release|x64.Build.0 = Release|x64
		{6BE56828-35B7-4941-8970-9EC0FEC407D9}.Release|x86.ActiveCfg = Release|Win32
		{6BE56828-35B7-4941-8970-9EC0FEC407D9}.Release|x86.Build.0 = Release|Win32
		{6BE56828-35B7-4941-8970-9EC0FEC407D9}.Tests Debug|x64.ActiveCfg = Tests Debug|x64
		{6BE56828-35B7-4941-8970-9EC0FEC407D9}.Tests Debug|x64.Build.0 = Tests Debug|x64
		{6BE56828-35B7-4941-8970-9EC0FEC407D9}.Tests Debug|x86.ActiveCfg = Tests Debug|Win32
		{6BE56828-35B7-4941-8970-9EC0FEC407D9}.Tests Debug|x86.Build.0 = Tests Debug|Win32
		{6BE56828-35B7-4941-8970-9EC0FEC407D9}.Tests Release|x64.ActiveCfg = Tests Release|x64
		{6BE56828-35B7-4941-8970-9EC0FEC407D9}.Tests Release|x64.Build.0 = Tests Release|x64
		{6BE56828-35B7-4941-8970-9EC0FEC407D9}.Tests Release|x86.ActiveCfg = Tests Release|Win32
		{6BE56828-35B7-4941-8970-9EC0FEC407D9}.Tests Release|x86.Build.0 = Tests Release|Win32
	EndGlobalSection
	GlobalSection(SolutionProperties) = preSolution
		HideSolutionNode = FALSE
	EndGlobalSection
	GlobalSection(ExtensibilityGlobals) = postSolution
		SolutionGuid = {EA25D7B3-B024-4946-A89E-25B62D65ABA3}
	EndGlobalSection
EndGlobal
